// !$*UTF8*$!
{
	archiveVersion = 1;
	classes = {
	};
	objectVersion = 46;
	objects = {

/* Begin PBXBuildFile section */
		1803BF7D1CC5A98200EEF0F0 /* GlobalConst.m in Sources */ = {isa = PBXBuildFile; fileRef = 1803BF6C1CC5A98200EEF0F0 /* GlobalConst.m */; };
		1803BF7E1CC5A98200EEF0F0 /* FastLoginButton.m in Sources */ = {isa = PBXBuildFile; fileRef = 1803BF731CC5A98200EEF0F0 /* FastLoginButton.m */; };
		1803BF7F1CC5A98200EEF0F0 /* GlobalSlidingNavigationController.m in Sources */ = {isa = PBXBuildFile; fileRef = 1803BF761CC5A98200EEF0F0 /* GlobalSlidingNavigationController.m */; };
		1803BF801CC5A98200EEF0F0 /* PhoneType.m in Sources */ = {isa = PBXBuildFile; fileRef = 1803BF791CC5A98200EEF0F0 /* PhoneType.m */; };
		1803BF811CC5A98200EEF0F0 /* FileManager.m in Sources */ = {isa = PBXBuildFile; fileRef = 1803BF7C1CC5A98200EEF0F0 /* FileManager.m */; };
		1803BF851CC5AA8C00EEF0F0 /* FPSLabel.m in Sources */ = {isa = PBXBuildFile; fileRef = 1803BF841CC5AA8C00EEF0F0 /* FPSLabel.m */; };
		180C76341CD6FBAE009A91CD /* PlaceholderTextView.m in Sources */ = {isa = PBXBuildFile; fileRef = 180C76331CD6FBAE009A91CD /* PlaceholderTextView.m */; };
		1817128F1CC690BE00DD573B /* PhotoTool.m in Sources */ = {isa = PBXBuildFile; fileRef = 1817128D1CC690BE00DD573B /* PhotoTool.m */; };
		18335EDE1CACE60600B465A7 /* main.m in Sources */ = {isa = PBXBuildFile; fileRef = 18335EDD1CACE60600B465A7 /* main.m */; };
		18335EE71CACE60600B465A7 /* Main.storyboard in Resources */ = {isa = PBXBuildFile; fileRef = 18335EE51CACE60600B465A7 /* Main.storyboard */; };
		18335EE91CACE60600B465A7 /* Assets.xcassets in Resources */ = {isa = PBXBuildFile; fileRef = 18335EE81CACE60600B465A7 /* Assets.xcassets */; };
		18335EEC1CACE60600B465A7 /* LaunchScreen.storyboard in Resources */ = {isa = PBXBuildFile; fileRef = 18335EEA1CACE60600B465A7 /* LaunchScreen.storyboard */; };
		18335EFB1CACE65E00B465A7 /* ViewController.m in Sources */ = {isa = PBXBuildFile; fileRef = 18335EF61CACE65E00B465A7 /* ViewController.m */; };
		18335EFC1CACE65E00B465A7 /* AppDelegate.m in Sources */ = {isa = PBXBuildFile; fileRef = 18335EF91CACE65E00B465A7 /* AppDelegate.m */; };
		18335F221CACE70300B465A7 /* UIBarButtonItem+Extension.m in Sources */ = {isa = PBXBuildFile; fileRef = 18335F021CACE70300B465A7 /* UIBarButtonItem+Extension.m */; };
		18335F231CACE70300B465A7 /* UIButton+Extension.m in Sources */ = {isa = PBXBuildFile; fileRef = 18335F051CACE70300B465A7 /* UIButton+Extension.m */; };
		18335F241CACE70300B465A7 /* UIColor+Extension.m in Sources */ = {isa = PBXBuildFile; fileRef = 18335F081CACE70300B465A7 /* UIColor+Extension.m */; };
		18335F261CACE70300B465A7 /* UIImage+Extension.m in Sources */ = {isa = PBXBuildFile; fileRef = 18335F0D1CACE70300B465A7 /* UIImage+Extension.m */; };
		18335F271CACE70300B465A7 /* UILabel+SizeToFit.m in Sources */ = {isa = PBXBuildFile; fileRef = 18335F111CACE70300B465A7 /* UILabel+SizeToFit.m */; };
		18335F281CACE70300B465A7 /* UINavigationBar+Extension.m in Sources */ = {isa = PBXBuildFile; fileRef = 18335F141CACE70300B465A7 /* UINavigationBar+Extension.m */; };
		18335F291CACE70300B465A7 /* UINavigationBar.bundle in Resources */ = {isa = PBXBuildFile; fileRef = 18335F151CACE70300B465A7 /* UINavigationBar.bundle */; };
		18335F2A1CACE70300B465A7 /* UIView+Extension.m in Sources */ = {isa = PBXBuildFile; fileRef = 18335F181CACE70300B465A7 /* UIView+Extension.m */; };
		18335F2B1CACE70300B465A7 /* UIView+KBView.m in Sources */ = {isa = PBXBuildFile; fileRef = 18335F1A1CACE70300B465A7 /* UIView+KBView.m */; };
		18335F2C1CACE70300B465A7 /* UIView+Scale.m in Sources */ = {isa = PBXBuildFile; fileRef = 18335F1C1CACE70300B465A7 /* UIView+Scale.m */; };
		18335F2D1CACE70300B465A7 /* UIView+Snapshot.m in Sources */ = {isa = PBXBuildFile; fileRef = 18335F1E1CACE70300B465A7 /* UIView+Snapshot.m */; };
		18335F2E1CACE70300B465A7 /* UIViewController+Alert.m in Sources */ = {isa = PBXBuildFile; fileRef = 18335F211CACE70300B465A7 /* UIViewController+Alert.m */; };
		18335F311CACE72C00B465A7 /* UIColor+Extensions.m in Sources */ = {isa = PBXBuildFile; fileRef = 18335F301CACE72C00B465A7 /* UIColor+Extensions.m */; };
		18335F341CACE77900B465A7 /* UIColor+Hex.m in Sources */ = {isa = PBXBuildFile; fileRef = 18335F331CACE77900B465A7 /* UIColor+Hex.m */; };
		18335F381CACE8CB00B465A7 /* NSDictionary+Extension.m in Sources */ = {isa = PBXBuildFile; fileRef = 18335F371CACE8CB00B465A7 /* NSDictionary+Extension.m */; };
		18335F541CAD1AE100B465A7 /* NSString+Size.m in Sources */ = {isa = PBXBuildFile; fileRef = 18335F531CAD1AE100B465A7 /* NSString+Size.m */; };
		1841ADFE1CD3BD940010A1BB /* UIView+Animation.m in Sources */ = {isa = PBXBuildFile; fileRef = 1841ADFD1CD3BD940010A1BB /* UIView+Animation.m */; };
		184FEA6F1CB336210053F2AF /* navigationButtonReturn.png in Resources */ = {isa = PBXBuildFile; fileRef = 184FEA691CB336210053F2AF /* navigationButtonReturn.png */; };
		184FEA701CB336210053F2AF /* navigationButtonReturn@2x.png in Resources */ = {isa = PBXBuildFile; fileRef = 184FEA6A1CB336210053F2AF /* navigationButtonReturn@2x.png */; };
		184FEA711CB336210053F2AF /* navigationButtonReturn@3x.png in Resources */ = {isa = PBXBuildFile; fileRef = 184FEA6B1CB336210053F2AF /* navigationButtonReturn@3x.png */; };
		184FEA721CB336210053F2AF /* navigationButtonReturnClick.png in Resources */ = {isa = PBXBuildFile; fileRef = 184FEA6C1CB336210053F2AF /* navigationButtonReturnClick.png */; };
		184FEA731CB336210053F2AF /* navigationButtonReturnClick@2x.png in Resources */ = {isa = PBXBuildFile; fileRef = 184FEA6D1CB336210053F2AF /* navigationButtonReturnClick@2x.png */; };
		184FEA741CB336210053F2AF /* navigationButtonReturnClick@3x.png in Resources */ = {isa = PBXBuildFile; fileRef = 184FEA6E1CB336210053F2AF /* navigationButtonReturnClick@3x.png */; };
		1856626C1CC3F25F001E3069 /* Person.m in Sources */ = {isa = PBXBuildFile; fileRef = 1856626B1CC3F25F001E3069 /* Person.m */; };
		188491541CC286E100EB8FA0 /* UIImageView+Download.m in Sources */ = {isa = PBXBuildFile; fileRef = 188491531CC286E100EB8FA0 /* UIImageView+Download.m */; };
		188AB6D11CC084A400CDA050 /* NSArray+BlocksKit.m in Sources */ = {isa = PBXBuildFile; fileRef = 188AB6D01CC084A400CDA050 /* NSArray+BlocksKit.m */; };
		1899A0481CB6624B00636DAD /* UITextField+Placeholder.m in Sources */ = {isa = PBXBuildFile; fileRef = 1899A0471CB6624B00636DAD /* UITextField+Placeholder.m */; };
		1899A04B1CB6677600636DAD /* YYHttpTool.m in Sources */ = {isa = PBXBuildFile; fileRef = 1899A04A1CB6677600636DAD /* YYHttpTool.m */; };
		18BC68961CB737360043E352 /* UITextField+PlaceholderColorByRuntime.m in Sources */ = {isa = PBXBuildFile; fileRef = 18BC68951CB737360043E352 /* UITextField+PlaceholderColorByRuntime.m */; };
		18BC689D1CB750F20043E352 /* UIApplication+Function.m in Sources */ = {isa = PBXBuildFile; fileRef = 18BC689C1CB750F20043E352 /* UIApplication+Function.m */; };
		18BC68A11CB753B60043E352 /* UIImageView+Gesture.m in Sources */ = {isa = PBXBuildFile; fileRef = 18BC68A01CB753B60043E352 /* UIImageView+Gesture.m */; };
		18BC68A31CB75DBD0043E352 /* 300-4.jpeg in Resources */ = {isa = PBXBuildFile; fileRef = 18BC68A21CB75DBD0043E352 /* 300-4.jpeg */; };
		18BC68A61CB761610043E352 /* UIImageView+SDWebImage.m in Sources */ = {isa = PBXBuildFile; fileRef = 18BC68A51CB761610043E352 /* UIImageView+SDWebImage.m */; };
		18BC68AD1CB791570043E352 /* UITableView+Section.m in Sources */ = {isa = PBXBuildFile; fileRef = 18BC68AC1CB791570043E352 /* UITableView+Section.m */; };
		18BC68B01CB795020043E352 /* TableViewController.m in Sources */ = {isa = PBXBuildFile; fileRef = 18BC68AF1CB795020043E352 /* TableViewController.m */; };
		CFD489C76871CB2844C3DDD5 /* libPods.a in Frameworks */ = {isa = PBXBuildFile; fileRef = 7435D13C31452F74B3BA8D7A /* libPods.a */; };
/* End PBXBuildFile section */

/* Begin PBXFileReference section */
		1803BF6B1CC5A98200EEF0F0 /* GlobalConst.h */ = {isa = PBXFileReference; fileEncoding = 4; lastKnownFileType = sourcecode.c.h; path = GlobalConst.h; sourceTree = "<group>"; };
		1803BF6C1CC5A98200EEF0F0 /* GlobalConst.m */ = {isa = PBXFileReference; fileEncoding = 4; lastKnownFileType = sourcecode.c.objc; path = GlobalConst.m; sourceTree = "<group>"; };
		1803BF6E1CC5A98200EEF0F0 /* Singleton.h */ = {isa = PBXFileReference; fileEncoding = 4; lastKnownFileType = sourcecode.c.h; path = Singleton.h; sourceTree = "<group>"; };
		1803BF701CC5A98200EEF0F0 /* Macro.h */ = {isa = PBXFileReference; fileEncoding = 4; lastKnownFileType = sourcecode.c.h; path = Macro.h; sourceTree = "<group>"; };
		1803BF721CC5A98200EEF0F0 /* FastLoginButton.h */ = {isa = PBXFileReference; fileEncoding = 4; lastKnownFileType = sourcecode.c.h; path = FastLoginButton.h; sourceTree = "<group>"; };
		1803BF731CC5A98200EEF0F0 /* FastLoginButton.m */ = {isa = PBXFileReference; fileEncoding = 4; lastKnownFileType = sourcecode.c.objc; path = FastLoginButton.m; sourceTree = "<group>"; };
		1803BF751CC5A98200EEF0F0 /* GlobalSlidingNavigationController.h */ = {isa = PBXFileReference; fileEncoding = 4; lastKnownFileType = sourcecode.c.h; path = GlobalSlidingNavigationController.h; sourceTree = "<group>"; };
		1803BF761CC5A98200EEF0F0 /* GlobalSlidingNavigationController.m */ = {isa = PBXFileReference; fileEncoding = 4; lastKnownFileType = sourcecode.c.objc; path = GlobalSlidingNavigationController.m; sourceTree = "<group>"; };
		1803BF781CC5A98200EEF0F0 /* PhoneType.h */ = {isa = PBXFileReference; fileEncoding = 4; lastKnownFileType = sourcecode.c.h; path = PhoneType.h; sourceTree = "<group>"; };
		1803BF791CC5A98200EEF0F0 /* PhoneType.m */ = {isa = PBXFileReference; fileEncoding = 4; lastKnownFileType = sourcecode.c.objc; path = PhoneType.m; sourceTree = "<group>"; };
		1803BF7B1CC5A98200EEF0F0 /* FileManager.h */ = {isa = PBXFileReference; fileEncoding = 4; lastKnownFileType = sourcecode.c.h; path = FileManager.h; sourceTree = "<group>"; };
		1803BF7C1CC5A98200EEF0F0 /* FileManager.m */ = {isa = PBXFileReference; fileEncoding = 4; lastKnownFileType = sourcecode.c.objc; path = FileManager.m; sourceTree = "<group>"; };
		1803BF831CC5AA8C00EEF0F0 /* FPSLabel.h */ = {isa = PBXFileReference; fileEncoding = 4; lastKnownFileType = sourcecode.c.h; path = FPSLabel.h; sourceTree = "<group>"; };
		1803BF841CC5AA8C00EEF0F0 /* FPSLabel.m */ = {isa = PBXFileReference; fileEncoding = 4; lastKnownFileType = sourcecode.c.objc; path = FPSLabel.m; sourceTree = "<group>"; };
		180C76321CD6FBAE009A91CD /* PlaceholderTextView.h */ = {isa = PBXFileReference; fileEncoding = 4; lastKnownFileType = sourcecode.c.h; path = PlaceholderTextView.h; sourceTree = "<group>"; };
		180C76331CD6FBAE009A91CD /* PlaceholderTextView.m */ = {isa = PBXFileReference; fileEncoding = 4; lastKnownFileType = sourcecode.c.objc; path = PlaceholderTextView.m; sourceTree = "<group>"; };
		1817128D1CC690BE00DD573B /* PhotoTool.m */ = {isa = PBXFileReference; fileEncoding = 4; lastKnownFileType = sourcecode.c.objc; path = PhotoTool.m; sourceTree = "<group>"; };
		1817128E1CC690BE00DD573B /* PhotoTool.h */ = {isa = PBXFileReference; fileEncoding = 4; lastKnownFileType = sourcecode.c.h; path = PhotoTool.h; sourceTree = "<group>"; };
		18335ED91CACE60600B465A7 /* Framework.app */ = {isa = PBXFileReference; explicitFileType = wrapper.application; includeInIndex = 0; path = Framework.app; sourceTree = BUILT_PRODUCTS_DIR; };
		18335EDD1CACE60600B465A7 /* main.m */ = {isa = PBXFileReference; lastKnownFileType = sourcecode.c.objc; path = main.m; sourceTree = "<group>"; };
		18335EE61CACE60600B465A7 /* Base */ = {isa = PBXFileReference; lastKnownFileType = file.storyboard; name = Base; path = Base.lproj/Main.storyboard; sourceTree = "<group>"; };
		18335EE81CACE60600B465A7 /* Assets.xcassets */ = {isa = PBXFileReference; lastKnownFileType = folder.assetcatalog; path = Assets.xcassets; sourceTree = "<group>"; };
		18335EEB1CACE60600B465A7 /* Base */ = {isa = PBXFileReference; lastKnownFileType = file.storyboard; name = Base; path = Base.lproj/LaunchScreen.storyboard; sourceTree = "<group>"; };
		18335EED1CACE60600B465A7 /* Info.plist */ = {isa = PBXFileReference; lastKnownFileType = text.plist.xml; path = Info.plist; sourceTree = "<group>"; };
		18335EF51CACE65E00B465A7 /* ViewController.h */ = {isa = PBXFileReference; fileEncoding = 4; lastKnownFileType = sourcecode.c.h; path = ViewController.h; sourceTree = "<group>"; };
		18335EF61CACE65E00B465A7 /* ViewController.m */ = {isa = PBXFileReference; fileEncoding = 4; lastKnownFileType = sourcecode.c.objc; path = ViewController.m; sourceTree = "<group>"; };
		18335EF81CACE65E00B465A7 /* AppDelegate.h */ = {isa = PBXFileReference; fileEncoding = 4; lastKnownFileType = sourcecode.c.h; path = AppDelegate.h; sourceTree = "<group>"; };
		18335EF91CACE65E00B465A7 /* AppDelegate.m */ = {isa = PBXFileReference; fileEncoding = 4; lastKnownFileType = sourcecode.c.objc; path = AppDelegate.m; sourceTree = "<group>"; };
		18335F011CACE70300B465A7 /* UIBarButtonItem+Extension.h */ = {isa = PBXFileReference; fileEncoding = 4; lastKnownFileType = sourcecode.c.h; path = "UIBarButtonItem+Extension.h"; sourceTree = "<group>"; };
		18335F021CACE70300B465A7 /* UIBarButtonItem+Extension.m */ = {isa = PBXFileReference; fileEncoding = 4; lastKnownFileType = sourcecode.c.objc; path = "UIBarButtonItem+Extension.m"; sourceTree = "<group>"; };
		18335F041CACE70300B465A7 /* UIButton+Extension.h */ = {isa = PBXFileReference; fileEncoding = 4; lastKnownFileType = sourcecode.c.h; path = "UIButton+Extension.h"; sourceTree = "<group>"; };
		18335F051CACE70300B465A7 /* UIButton+Extension.m */ = {isa = PBXFileReference; fileEncoding = 4; lastKnownFileType = sourcecode.c.objc; path = "UIButton+Extension.m"; sourceTree = "<group>"; };
		18335F071CACE70300B465A7 /* UIColor+Extension.h */ = {isa = PBXFileReference; fileEncoding = 4; lastKnownFileType = sourcecode.c.h; path = "UIColor+Extension.h"; sourceTree = "<group>"; };
		18335F081CACE70300B465A7 /* UIColor+Extension.m */ = {isa = PBXFileReference; fileEncoding = 4; lastKnownFileType = sourcecode.c.objc; path = "UIColor+Extension.m"; sourceTree = "<group>"; };
		18335F0C1CACE70300B465A7 /* UIImage+Extension.h */ = {isa = PBXFileReference; fileEncoding = 4; lastKnownFileType = sourcecode.c.h; path = "UIImage+Extension.h"; sourceTree = "<group>"; };
		18335F0D1CACE70300B465A7 /* UIImage+Extension.m */ = {isa = PBXFileReference; fileEncoding = 4; lastKnownFileType = sourcecode.c.objc; path = "UIImage+Extension.m"; sourceTree = "<group>"; };
		18335F0E1CACE70300B465A7 /* UIKit+Extension.h */ = {isa = PBXFileReference; fileEncoding = 4; lastKnownFileType = sourcecode.c.h; path = "UIKit+Extension.h"; sourceTree = "<group>"; };
		18335F101CACE70300B465A7 /* UILabel+SizeToFit.h */ = {isa = PBXFileReference; fileEncoding = 4; lastKnownFileType = sourcecode.c.h; path = "UILabel+SizeToFit.h"; sourceTree = "<group>"; };
		18335F111CACE70300B465A7 /* UILabel+SizeToFit.m */ = {isa = PBXFileReference; fileEncoding = 4; lastKnownFileType = sourcecode.c.objc; path = "UILabel+SizeToFit.m"; sourceTree = "<group>"; };
		18335F131CACE70300B465A7 /* UINavigationBar+Extension.h */ = {isa = PBXFileReference; fileEncoding = 4; lastKnownFileType = sourcecode.c.h; path = "UINavigationBar+Extension.h"; sourceTree = "<group>"; };
		18335F141CACE70300B465A7 /* UINavigationBar+Extension.m */ = {isa = PBXFileReference; fileEncoding = 4; lastKnownFileType = sourcecode.c.objc; path = "UINavigationBar+Extension.m"; sourceTree = "<group>"; };
		18335F151CACE70300B465A7 /* UINavigationBar.bundle */ = {isa = PBXFileReference; lastKnownFileType = "wrapper.plug-in"; path = UINavigationBar.bundle; sourceTree = "<group>"; };
		18335F171CACE70300B465A7 /* UIView+Extension.h */ = {isa = PBXFileReference; fileEncoding = 4; lastKnownFileType = sourcecode.c.h; path = "UIView+Extension.h"; sourceTree = "<group>"; };
		18335F181CACE70300B465A7 /* UIView+Extension.m */ = {isa = PBXFileReference; fileEncoding = 4; lastKnownFileType = sourcecode.c.objc; path = "UIView+Extension.m"; sourceTree = "<group>"; };
		18335F191CACE70300B465A7 /* UIView+KBView.h */ = {isa = PBXFileReference; fileEncoding = 4; lastKnownFileType = sourcecode.c.h; path = "UIView+KBView.h"; sourceTree = "<group>"; };
		18335F1A1CACE70300B465A7 /* UIView+KBView.m */ = {isa = PBXFileReference; fileEncoding = 4; lastKnownFileType = sourcecode.c.objc; path = "UIView+KBView.m"; sourceTree = "<group>"; };
		18335F1B1CACE70300B465A7 /* UIView+Scale.h */ = {isa = PBXFileReference; fileEncoding = 4; lastKnownFileType = sourcecode.c.h; path = "UIView+Scale.h"; sourceTree = "<group>"; };
		18335F1C1CACE70300B465A7 /* UIView+Scale.m */ = {isa = PBXFileReference; fileEncoding = 4; lastKnownFileType = sourcecode.c.objc; path = "UIView+Scale.m"; sourceTree = "<group>"; };
		18335F1D1CACE70300B465A7 /* UIView+Snapshot.h */ = {isa = PBXFileReference; fileEncoding = 4; lastKnownFileType = sourcecode.c.h; path = "UIView+Snapshot.h"; sourceTree = "<group>"; };
		18335F1E1CACE70300B465A7 /* UIView+Snapshot.m */ = {isa = PBXFileReference; fileEncoding = 4; lastKnownFileType = sourcecode.c.objc; path = "UIView+Snapshot.m"; sourceTree = "<group>"; };
		18335F201CACE70300B465A7 /* UIViewController+Alert.h */ = {isa = PBXFileReference; fileEncoding = 4; lastKnownFileType = sourcecode.c.h; path = "UIViewController+Alert.h"; sourceTree = "<group>"; };
		18335F211CACE70300B465A7 /* UIViewController+Alert.m */ = {isa = PBXFileReference; fileEncoding = 4; lastKnownFileType = sourcecode.c.objc; path = "UIViewController+Alert.m"; sourceTree = "<group>"; };
		18335F2F1CACE72C00B465A7 /* UIColor+Extensions.h */ = {isa = PBXFileReference; fileEncoding = 4; lastKnownFileType = sourcecode.c.h; path = "UIColor+Extensions.h"; sourceTree = "<group>"; };
		18335F301CACE72C00B465A7 /* UIColor+Extensions.m */ = {isa = PBXFileReference; fileEncoding = 4; lastKnownFileType = sourcecode.c.objc; path = "UIColor+Extensions.m"; sourceTree = "<group>"; };
		18335F321CACE77900B465A7 /* UIColor+Hex.h */ = {isa = PBXFileReference; fileEncoding = 4; lastKnownFileType = sourcecode.c.h; path = "UIColor+Hex.h"; sourceTree = "<group>"; };
		18335F331CACE77900B465A7 /* UIColor+Hex.m */ = {isa = PBXFileReference; fileEncoding = 4; lastKnownFileType = sourcecode.c.objc; path = "UIColor+Hex.m"; sourceTree = "<group>"; };
		18335F361CACE8CB00B465A7 /* NSDictionary+Extension.h */ = {isa = PBXFileReference; fileEncoding = 4; lastKnownFileType = sourcecode.c.h; path = "NSDictionary+Extension.h"; sourceTree = "<group>"; };
		18335F371CACE8CB00B465A7 /* NSDictionary+Extension.m */ = {isa = PBXFileReference; fileEncoding = 4; lastKnownFileType = sourcecode.c.objc; path = "NSDictionary+Extension.m"; sourceTree = "<group>"; };
		18335F521CAD1AE100B465A7 /* NSString+Size.h */ = {isa = PBXFileReference; fileEncoding = 4; lastKnownFileType = sourcecode.c.h; path = "NSString+Size.h"; sourceTree = "<group>"; };
		18335F531CAD1AE100B465A7 /* NSString+Size.m */ = {isa = PBXFileReference; fileEncoding = 4; lastKnownFileType = sourcecode.c.objc; path = "NSString+Size.m"; sourceTree = "<group>"; };
		1841ADFC1CD3BD940010A1BB /* UIView+Animation.h */ = {isa = PBXFileReference; fileEncoding = 4; lastKnownFileType = sourcecode.c.h; path = "UIView+Animation.h"; sourceTree = "<group>"; };
		1841ADFD1CD3BD940010A1BB /* UIView+Animation.m */ = {isa = PBXFileReference; fileEncoding = 4; lastKnownFileType = sourcecode.c.objc; path = "UIView+Animation.m"; sourceTree = "<group>"; };
		184FEA691CB336210053F2AF /* navigationButtonReturn.png */ = {isa = PBXFileReference; lastKnownFileType = image.png; path = navigationButtonReturn.png; sourceTree = "<group>"; };
		184FEA6A1CB336210053F2AF /* navigationButtonReturn@2x.png */ = {isa = PBXFileReference; lastKnownFileType = image.png; path = "navigationButtonReturn@2x.png"; sourceTree = "<group>"; };
		184FEA6B1CB336210053F2AF /* navigationButtonReturn@3x.png */ = {isa = PBXFileReference; lastKnownFileType = image.png; path = "navigationButtonReturn@3x.png"; sourceTree = "<group>"; };
		184FEA6C1CB336210053F2AF /* navigationButtonReturnClick.png */ = {isa = PBXFileReference; lastKnownFileType = image.png; path = navigationButtonReturnClick.png; sourceTree = "<group>"; };
		184FEA6D1CB336210053F2AF /* navigationButtonReturnClick@2x.png */ = {isa = PBXFileReference; lastKnownFileType = image.png; path = "navigationButtonReturnClick@2x.png"; sourceTree = "<group>"; };
		184FEA6E1CB336210053F2AF /* navigationButtonReturnClick@3x.png */ = {isa = PBXFileReference; lastKnownFileType = image.png; path = "navigationButtonReturnClick@3x.png"; sourceTree = "<group>"; };
		1856626A1CC3F25F001E3069 /* Person.h */ = {isa = PBXFileReference; fileEncoding = 4; lastKnownFileType = sourcecode.c.h; path = Person.h; sourceTree = "<group>"; };
		1856626B1CC3F25F001E3069 /* Person.m */ = {isa = PBXFileReference; fileEncoding = 4; lastKnownFileType = sourcecode.c.objc; path = Person.m; sourceTree = "<group>"; };
		188491521CC286E100EB8FA0 /* UIImageView+Download.h */ = {isa = PBXFileReference; fileEncoding = 4; lastKnownFileType = sourcecode.c.h; path = "UIImageView+Download.h"; sourceTree = "<group>"; };
		188491531CC286E100EB8FA0 /* UIImageView+Download.m */ = {isa = PBXFileReference; fileEncoding = 4; lastKnownFileType = sourcecode.c.objc; path = "UIImageView+Download.m"; sourceTree = "<group>"; };
		188AB6CF1CC084A400CDA050 /* NSArray+BlocksKit.h */ = {isa = PBXFileReference; fileEncoding = 4; lastKnownFileType = sourcecode.c.h; path = "NSArray+BlocksKit.h"; sourceTree = "<group>"; };
		188AB6D01CC084A400CDA050 /* NSArray+BlocksKit.m */ = {isa = PBXFileReference; fileEncoding = 4; lastKnownFileType = sourcecode.c.objc; path = "NSArray+BlocksKit.m"; sourceTree = "<group>"; };
		188AB6D21CC085DF00CDA050 /* Defines.h */ = {isa = PBXFileReference; lastKnownFileType = sourcecode.c.h; path = Defines.h; sourceTree = "<group>"; };
		1899A0461CB6624B00636DAD /* UITextField+Placeholder.h */ = {isa = PBXFileReference; fileEncoding = 4; lastKnownFileType = sourcecode.c.h; path = "UITextField+Placeholder.h"; sourceTree = "<group>"; };
		1899A0471CB6624B00636DAD /* UITextField+Placeholder.m */ = {isa = PBXFileReference; fileEncoding = 4; lastKnownFileType = sourcecode.c.objc; path = "UITextField+Placeholder.m"; sourceTree = "<group>"; };
		1899A0491CB6677600636DAD /* YYHttpTool.h */ = {isa = PBXFileReference; fileEncoding = 4; lastKnownFileType = sourcecode.c.h; path = YYHttpTool.h; sourceTree = "<group>"; };
		1899A04A1CB6677600636DAD /* YYHttpTool.m */ = {isa = PBXFileReference; fileEncoding = 4; lastKnownFileType = sourcecode.c.objc; path = YYHttpTool.m; sourceTree = "<group>"; };
		18BC68941CB737360043E352 /* UITextField+PlaceholderColorByRuntime.h */ = {isa = PBXFileReference; fileEncoding = 4; lastKnownFileType = sourcecode.c.h; path = "UITextField+PlaceholderColorByRuntime.h"; sourceTree = "<group>"; };
		18BC68951CB737360043E352 /* UITextField+PlaceholderColorByRuntime.m */ = {isa = PBXFileReference; fileEncoding = 4; lastKnownFileType = sourcecode.c.objc; path = "UITextField+PlaceholderColorByRuntime.m"; sourceTree = "<group>"; };
		18BC689B1CB750F20043E352 /* UIApplication+Function.h */ = {isa = PBXFileReference; fileEncoding = 4; lastKnownFileType = sourcecode.c.h; path = "UIApplication+Function.h"; sourceTree = "<group>"; };
		18BC689C1CB750F20043E352 /* UIApplication+Function.m */ = {isa = PBXFileReference; fileEncoding = 4; lastKnownFileType = sourcecode.c.objc; path = "UIApplication+Function.m"; sourceTree = "<group>"; };
		18BC689F1CB753B60043E352 /* UIImageView+Gesture.h */ = {isa = PBXFileReference; fileEncoding = 4; lastKnownFileType = sourcecode.c.h; path = "UIImageView+Gesture.h"; sourceTree = "<group>"; };
		18BC68A01CB753B60043E352 /* UIImageView+Gesture.m */ = {isa = PBXFileReference; fileEncoding = 4; lastKnownFileType = sourcecode.c.objc; path = "UIImageView+Gesture.m"; sourceTree = "<group>"; };
		18BC68A21CB75DBD0043E352 /* 300-4.jpeg */ = {isa = PBXFileReference; lastKnownFileType = image.jpeg; path = "300-4.jpeg"; sourceTree = "<group>"; };
		18BC68A41CB761610043E352 /* UIImageView+SDWebImage.h */ = {isa = PBXFileReference; fileEncoding = 4; lastKnownFileType = sourcecode.c.h; path = "UIImageView+SDWebImage.h"; sourceTree = "<group>"; };
		18BC68A51CB761610043E352 /* UIImageView+SDWebImage.m */ = {isa = PBXFileReference; fileEncoding = 4; lastKnownFileType = sourcecode.c.objc; path = "UIImageView+SDWebImage.m"; sourceTree = "<group>"; };
		18BC68AB1CB791570043E352 /* UITableView+Section.h */ = {isa = PBXFileReference; fileEncoding = 4; lastKnownFileType = sourcecode.c.h; path = "UITableView+Section.h"; sourceTree = "<group>"; };
		18BC68AC1CB791570043E352 /* UITableView+Section.m */ = {isa = PBXFileReference; fileEncoding = 4; lastKnownFileType = sourcecode.c.objc; path = "UITableView+Section.m"; sourceTree = "<group>"; };
		18BC68AE1CB795020043E352 /* TableViewController.h */ = {isa = PBXFileReference; fileEncoding = 4; lastKnownFileType = sourcecode.c.h; path = TableViewController.h; sourceTree = "<group>"; };
		18BC68AF1CB795020043E352 /* TableViewController.m */ = {isa = PBXFileReference; fileEncoding = 4; lastKnownFileType = sourcecode.c.objc; path = TableViewController.m; sourceTree = "<group>"; };
		7435D13C31452F74B3BA8D7A /* libPods.a */ = {isa = PBXFileReference; explicitFileType = archive.ar; includeInIndex = 0; path = libPods.a; sourceTree = BUILT_PRODUCTS_DIR; };
		A0B140EBEB9DA863994C6DFD /* Pods.debug.xcconfig */ = {isa = PBXFileReference; includeInIndex = 1; lastKnownFileType = text.xcconfig; name = Pods.debug.xcconfig; path = "Pods/Target Support Files/Pods/Pods.debug.xcconfig"; sourceTree = "<group>"; };
		A24D5380DF2C6EFA635FD2D5 /* Pods.release.xcconfig */ = {isa = PBXFileReference; includeInIndex = 1; lastKnownFileType = text.xcconfig; name = Pods.release.xcconfig; path = "Pods/Target Support Files/Pods/Pods.release.xcconfig"; sourceTree = "<group>"; };
/* End PBXFileReference section */

/* Begin PBXFrameworksBuildPhase section */
		18335ED61CACE60600B465A7 /* Frameworks */ = {
			isa = PBXFrameworksBuildPhase;
			buildActionMask = 2147483647;
			files = (
				CFD489C76871CB2844C3DDD5 /* libPods.a in Frameworks */,
			);
			runOnlyForDeploymentPostprocessing = 0;
		};
/* End PBXFrameworksBuildPhase section */

/* Begin PBXGroup section */
		1803BF6A1CC5A98200EEF0F0 /* 常量 */ = {
			isa = PBXGroup;
			children = (
				1803BF6B1CC5A98200EEF0F0 /* GlobalConst.h */,
				1803BF6C1CC5A98200EEF0F0 /* GlobalConst.m */,
			);
			path = "常量";
			sourceTree = "<group>";
		};
		1803BF6D1CC5A98200EEF0F0 /* 单例 */ = {
			isa = PBXGroup;
			children = (
				1803BF6E1CC5A98200EEF0F0 /* Singleton.h */,
			);
			path = "单例";
			sourceTree = "<group>";
		};
		1803BF6F1CC5A98200EEF0F0 /* 宏 */ = {
			isa = PBXGroup;
			children = (
				1803BF701CC5A98200EEF0F0 /* Macro.h */,
			);
			path = "宏";
			sourceTree = "<group>";
		};
		1803BF711CC5A98200EEF0F0 /* 快速登录按钮 */ = {
			isa = PBXGroup;
			children = (
				1803BF721CC5A98200EEF0F0 /* FastLoginButton.h */,
				1803BF731CC5A98200EEF0F0 /* FastLoginButton.m */,
			);
			path = "快速登录按钮";
			sourceTree = "<group>";
		};
		1803BF741CC5A98200EEF0F0 /* 全局导航栏 */ = {
			isa = PBXGroup;
			children = (
				1803BF751CC5A98200EEF0F0 /* GlobalSlidingNavigationController.h */,
				1803BF761CC5A98200EEF0F0 /* GlobalSlidingNavigationController.m */,
			);
			path = "全局导航栏";
			sourceTree = "<group>";
		};
		1803BF771CC5A98200EEF0F0 /* 手机类型 */ = {
			isa = PBXGroup;
			children = (
				1803BF781CC5A98200EEF0F0 /* PhoneType.h */,
				1803BF791CC5A98200EEF0F0 /* PhoneType.m */,
			);
			path = "手机类型";
			sourceTree = "<group>";
		};
		1803BF7A1CC5A98200EEF0F0 /* 文件管理 */ = {
			isa = PBXGroup;
			children = (
				1803BF7B1CC5A98200EEF0F0 /* FileManager.h */,
				1803BF7C1CC5A98200EEF0F0 /* FileManager.m */,
			);
			path = "文件管理";
			sourceTree = "<group>";
		};
		1803BF821CC5AA5100EEF0F0 /* 帧率 */ = {
			isa = PBXGroup;
			children = (
				1803BF831CC5AA8C00EEF0F0 /* FPSLabel.h */,
				1803BF841CC5AA8C00EEF0F0 /* FPSLabel.m */,
			);
			path = "帧率";
			sourceTree = "<group>";
		};
		180C76311CD6FB99009A91CD /* 输入框 */ = {
			isa = PBXGroup;
			children = (
				180C76321CD6FBAE009A91CD /* PlaceholderTextView.h */,
				180C76331CD6FBAE009A91CD /* PlaceholderTextView.m */,
			);
			path = "输入框";
			sourceTree = "<group>";
		};
		181712891CC68B1800DD573B /* 照片 */ = {
			isa = PBXGroup;
			children = (
				1817128E1CC690BE00DD573B /* PhotoTool.h */,
				1817128D1CC690BE00DD573B /* PhotoTool.m */,
			);
			path = "照片";
			sourceTree = "<group>";
		};
		18335ED01CACE60600B465A7 = {
			isa = PBXGroup;
			children = (
				18335EDB1CACE60600B465A7 /* Framework */,
				18335EDA1CACE60600B465A7 /* Products */,
				E7B6966F24F377180B1770EC /* Pods */,
				CA00DC6C6626C9BA0A9F289B /* Frameworks */,
			);
			sourceTree = "<group>";
		};
		18335EDA1CACE60600B465A7 /* Products */ = {
			isa = PBXGroup;
			children = (
				18335ED91CACE60600B465A7 /* Framework.app */,
			);
			name = Products;
			sourceTree = "<group>";
		};
		18335EDB1CACE60600B465A7 /* Framework */ = {
			isa = PBXGroup;
			children = (
				18335EFE1CACE6B300B465A7 /* Framework */,
				18335EF31CACE65E00B465A7 /* Classes */,
				18335EE81CACE60600B465A7 /* Assets.xcassets */,
				18335EEA1CACE60600B465A7 /* LaunchScreen.storyboard */,
				18335EED1CACE60600B465A7 /* Info.plist */,
				18335EDC1CACE60600B465A7 /* Supporting Files */,
			);
			path = Framework;
			sourceTree = "<group>";
		};
		18335EDC1CACE60600B465A7 /* Supporting Files */ = {
			isa = PBXGroup;
			children = (
				18335EDD1CACE60600B465A7 /* main.m */,
				18BC68A21CB75DBD0043E352 /* 300-4.jpeg */,
			);
			name = "Supporting Files";
			sourceTree = "<group>";
		};
		18335EF31CACE65E00B465A7 /* Classes */ = {
			isa = PBXGroup;
			children = (
				18335EF41CACE65E00B465A7 /* Main */,
				188AB6CA1CC0768500CDA050 /* Test */,
				18335EF71CACE65E00B465A7 /* Other */,
			);
			path = Classes;
			sourceTree = "<group>";
		};
		18335EF41CACE65E00B465A7 /* Main */ = {
			isa = PBXGroup;
			children = (
				18335EE51CACE60600B465A7 /* Main.storyboard */,
				18335EF51CACE65E00B465A7 /* ViewController.h */,
				18335EF61CACE65E00B465A7 /* ViewController.m */,
				18BC68AE1CB795020043E352 /* TableViewController.h */,
				18BC68AF1CB795020043E352 /* TableViewController.m */,
			);
			path = Main;
			sourceTree = "<group>";
		};
		18335EF71CACE65E00B465A7 /* Other */ = {
			isa = PBXGroup;
			children = (
				18335EF81CACE65E00B465A7 /* AppDelegate.h */,
				18335EF91CACE65E00B465A7 /* AppDelegate.m */,
			);
			path = Other;
			sourceTree = "<group>";
		};
		18335EFE1CACE6B300B465A7 /* Framework */ = {
			isa = PBXGroup;
			children = (
				188AB6CE1CC0840200CDA050 /* Core */,
				184FEA641CB3346F0053F2AF /* Tools */,
				18335F391CACF7B200B465A7 /* Network */,
				18335EFF1CACE70300B465A7 /* UIKit */,
			);
			path = Framework;
			sourceTree = "<group>";
		};
		18335EFF1CACE70300B465A7 /* UIKit */ = {
			isa = PBXGroup;
			children = (
				18335F0E1CACE70300B465A7 /* UIKit+Extension.h */,
				18BC68AA1CB78F450043E352 /* UITableView */,
				18BC689E1CB752BF0043E352 /* UIImageView */,
				18BC689A1CB750930043E352 /* UIApplication */,
				1899A0451CB6623000636DAD /* UITextField */,
				18335F511CAD1ACA00B465A7 /* NSString */,
				18335F351CACE89300B465A7 /* Dictionary */,
				18335F001CACE70300B465A7 /* UIBarButtonItem */,
				18335F031CACE70300B465A7 /* UIButton */,
				18335F061CACE70300B465A7 /* UIColor */,
				18335F0B1CACE70300B465A7 /* UIImage */,
				18335F0F1CACE70300B465A7 /* UILabel */,
				18335F121CACE70300B465A7 /* UINavigationBar */,
				18335F161CACE70300B465A7 /* UIView */,
				18335F1F1CACE70300B465A7 /* UIViewController */,
			);
			path = UIKit;
			sourceTree = "<group>";
		};
		18335F001CACE70300B465A7 /* UIBarButtonItem */ = {
			isa = PBXGroup;
			children = (
				18335F011CACE70300B465A7 /* UIBarButtonItem+Extension.h */,
				18335F021CACE70300B465A7 /* UIBarButtonItem+Extension.m */,
			);
			path = UIBarButtonItem;
			sourceTree = "<group>";
		};
		18335F031CACE70300B465A7 /* UIButton */ = {
			isa = PBXGroup;
			children = (
				18335F041CACE70300B465A7 /* UIButton+Extension.h */,
				18335F051CACE70300B465A7 /* UIButton+Extension.m */,
			);
			path = UIButton;
			sourceTree = "<group>";
		};
		18335F061CACE70300B465A7 /* UIColor */ = {
			isa = PBXGroup;
			children = (
				18335F2F1CACE72C00B465A7 /* UIColor+Extensions.h */,
				18335F301CACE72C00B465A7 /* UIColor+Extensions.m */,
				18335F071CACE70300B465A7 /* UIColor+Extension.h */,
				18335F081CACE70300B465A7 /* UIColor+Extension.m */,
				18335F321CACE77900B465A7 /* UIColor+Hex.h */,
				18335F331CACE77900B465A7 /* UIColor+Hex.m */,
			);
			path = UIColor;
			sourceTree = "<group>";
		};
		18335F0B1CACE70300B465A7 /* UIImage */ = {
			isa = PBXGroup;
			children = (
				18335F0C1CACE70300B465A7 /* UIImage+Extension.h */,
				18335F0D1CACE70300B465A7 /* UIImage+Extension.m */,
			);
			path = UIImage;
			sourceTree = "<group>";
		};
		18335F0F1CACE70300B465A7 /* UILabel */ = {
			isa = PBXGroup;
			children = (
				18335F101CACE70300B465A7 /* UILabel+SizeToFit.h */,
				18335F111CACE70300B465A7 /* UILabel+SizeToFit.m */,
			);
			path = UILabel;
			sourceTree = "<group>";
		};
		18335F121CACE70300B465A7 /* UINavigationBar */ = {
			isa = PBXGroup;
			children = (
				18335F131CACE70300B465A7 /* UINavigationBar+Extension.h */,
				18335F141CACE70300B465A7 /* UINavigationBar+Extension.m */,
				18335F151CACE70300B465A7 /* UINavigationBar.bundle */,
			);
			path = UINavigationBar;
			sourceTree = "<group>";
		};
		18335F161CACE70300B465A7 /* UIView */ = {
			isa = PBXGroup;
			children = (
				18335F171CACE70300B465A7 /* UIView+Extension.h */,
				18335F181CACE70300B465A7 /* UIView+Extension.m */,
				18335F191CACE70300B465A7 /* UIView+KBView.h */,
				18335F1A1CACE70300B465A7 /* UIView+KBView.m */,
				18335F1B1CACE70300B465A7 /* UIView+Scale.h */,
				18335F1C1CACE70300B465A7 /* UIView+Scale.m */,
				18335F1D1CACE70300B465A7 /* UIView+Snapshot.h */,
				18335F1E1CACE70300B465A7 /* UIView+Snapshot.m */,
				1841ADFC1CD3BD940010A1BB /* UIView+Animation.h */,
				1841ADFD1CD3BD940010A1BB /* UIView+Animation.m */,
			);
			path = UIView;
			sourceTree = "<group>";
		};
		18335F1F1CACE70300B465A7 /* UIViewController */ = {
			isa = PBXGroup;
			children = (
				18335F201CACE70300B465A7 /* UIViewController+Alert.h */,
				18335F211CACE70300B465A7 /* UIViewController+Alert.m */,
			);
			path = UIViewController;
			sourceTree = "<group>";
		};
		18335F351CACE89300B465A7 /* Dictionary */ = {
			isa = PBXGroup;
			children = (
				18335F361CACE8CB00B465A7 /* NSDictionary+Extension.h */,
				18335F371CACE8CB00B465A7 /* NSDictionary+Extension.m */,
			);
			path = Dictionary;
			sourceTree = "<group>";
		};
		18335F391CACF7B200B465A7 /* Network */ = {
			isa = PBXGroup;
			children = (
				1899A0491CB6677600636DAD /* YYHttpTool.h */,
				1899A04A1CB6677600636DAD /* YYHttpTool.m */,
			);
			path = Network;
			sourceTree = "<group>";
		};
		18335F511CAD1ACA00B465A7 /* NSString */ = {
			isa = PBXGroup;
			children = (
				18335F521CAD1AE100B465A7 /* NSString+Size.h */,
				18335F531CAD1AE100B465A7 /* NSString+Size.m */,
			);
			path = NSString;
			sourceTree = "<group>";
		};
		184FEA641CB3346F0053F2AF /* Tools */ = {
			isa = PBXGroup;
			children = (
				180C76311CD6FB99009A91CD /* 输入框 */,
				181712891CC68B1800DD573B /* 照片 */,
				1803BF821CC5AA5100EEF0F0 /* 帧率 */,
				1803BF6A1CC5A98200EEF0F0 /* 常量 */,
				1803BF6D1CC5A98200EEF0F0 /* 单例 */,
				1803BF6F1CC5A98200EEF0F0 /* 宏 */,
				1803BF711CC5A98200EEF0F0 /* 快速登录按钮 */,
				1803BF741CC5A98200EEF0F0 /* 全局导航栏 */,
				1803BF771CC5A98200EEF0F0 /* 手机类型 */,
				1803BF7A1CC5A98200EEF0F0 /* 文件管理 */,
				184FEA681CB336210053F2AF /* images */,
			);
			path = Tools;
			sourceTree = "<group>";
		};
		184FEA681CB336210053F2AF /* images */ = {
			isa = PBXGroup;
			children = (
				184FEA691CB336210053F2AF /* navigationButtonReturn.png */,
				184FEA6A1CB336210053F2AF /* navigationButtonReturn@2x.png */,
				184FEA6B1CB336210053F2AF /* navigationButtonReturn@3x.png */,
				184FEA6C1CB336210053F2AF /* navigationButtonReturnClick.png */,
				184FEA6D1CB336210053F2AF /* navigationButtonReturnClick@2x.png */,
				184FEA6E1CB336210053F2AF /* navigationButtonReturnClick@3x.png */,
			);
			path = images;
			sourceTree = "<group>";
		};
		188AB6CA1CC0768500CDA050 /* Test */ = {
			isa = PBXGroup;
			children = (
				1856626A1CC3F25F001E3069 /* Person.h */,
				1856626B1CC3F25F001E3069 /* Person.m */,
			);
			name = Test;
			sourceTree = "<group>";
		};
		188AB6CE1CC0840200CDA050 /* Core */ = {
			isa = PBXGroup;
			children = (
				188AB6D21CC085DF00CDA050 /* Defines.h */,
				188AB6CF1CC084A400CDA050 /* NSArray+BlocksKit.h */,
				188AB6D01CC084A400CDA050 /* NSArray+BlocksKit.m */,
			);
			path = Core;
			sourceTree = "<group>";
		};
		1899A0451CB6623000636DAD /* UITextField */ = {
			isa = PBXGroup;
			children = (
				1899A0461CB6624B00636DAD /* UITextField+Placeholder.h */,
				1899A0471CB6624B00636DAD /* UITextField+Placeholder.m */,
				18BC68941CB737360043E352 /* UITextField+PlaceholderColorByRuntime.h */,
				18BC68951CB737360043E352 /* UITextField+PlaceholderColorByRuntime.m */,
			);
			path = UITextField;
			sourceTree = "<group>";
		};
		18BC689A1CB750930043E352 /* UIApplication */ = {
			isa = PBXGroup;
			children = (
				18BC689B1CB750F20043E352 /* UIApplication+Function.h */,
				18BC689C1CB750F20043E352 /* UIApplication+Function.m */,
			);
			path = UIApplication;
			sourceTree = "<group>";
		};
		18BC689E1CB752BF0043E352 /* UIImageView */ = {
			isa = PBXGroup;
			children = (
				18BC689F1CB753B60043E352 /* UIImageView+Gesture.h */,
				18BC68A01CB753B60043E352 /* UIImageView+Gesture.m */,
				18BC68A41CB761610043E352 /* UIImageView+SDWebImage.h */,
				18BC68A51CB761610043E352 /* UIImageView+SDWebImage.m */,
				188491521CC286E100EB8FA0 /* UIImageView+Download.h */,
				188491531CC286E100EB8FA0 /* UIImageView+Download.m */,
			);
			path = UIImageView;
			sourceTree = "<group>";
		};
		18BC68AA1CB78F450043E352 /* UITableView */ = {
			isa = PBXGroup;
			children = (
				18BC68AB1CB791570043E352 /* UITableView+Section.h */,
				18BC68AC1CB791570043E352 /* UITableView+Section.m */,
			);
			path = UITableView;
			sourceTree = "<group>";
		};
		CA00DC6C6626C9BA0A9F289B /* Frameworks */ = {
			isa = PBXGroup;
			children = (
				7435D13C31452F74B3BA8D7A /* libPods.a */,
			);
			name = Frameworks;
			sourceTree = "<group>";
		};
		E7B6966F24F377180B1770EC /* Pods */ = {
			isa = PBXGroup;
			children = (
				A0B140EBEB9DA863994C6DFD /* Pods.debug.xcconfig */,
				A24D5380DF2C6EFA635FD2D5 /* Pods.release.xcconfig */,
			);
			name = Pods;
			sourceTree = "<group>";
		};
/* End PBXGroup section */

/* Begin PBXNativeTarget section */
		18335ED81CACE60600B465A7 /* Framework */ = {
			isa = PBXNativeTarget;
			buildConfigurationList = 18335EF01CACE60600B465A7 /* Build configuration list for PBXNativeTarget "Framework" */;
			buildPhases = (
				235BF00146EAAF89C16EC287 /* Check Pods Manifest.lock */,
				18335ED51CACE60600B465A7 /* Sources */,
				18335ED61CACE60600B465A7 /* Frameworks */,
				18335ED71CACE60600B465A7 /* Resources */,
				C99B79E113E5F3D687589B3D /* Embed Pods Frameworks */,
				CF2C2A3150C07A6E9A749832 /* Copy Pods Resources */,
			);
			buildRules = (
			);
			dependencies = (
			);
			name = Framework;
			productName = Framework;
			productReference = 18335ED91CACE60600B465A7 /* Framework.app */;
			productType = "com.apple.product-type.application";
		};
/* End PBXNativeTarget section */

/* Begin PBXProject section */
		18335ED11CACE60600B465A7 /* Project object */ = {
			isa = PBXProject;
			attributes = {
				LastUpgradeCheck = 0720;
				ORGANIZATIONNAME = Apple;
				TargetAttributes = {
					18335ED81CACE60600B465A7 = {
						CreatedOnToolsVersion = 7.2;
						DevelopmentTeam = 9SR8XPM7L8;
					};
				};
			};
			buildConfigurationList = 18335ED41CACE60600B465A7 /* Build configuration list for PBXProject "Framework" */;
			compatibilityVersion = "Xcode 3.2";
			developmentRegion = English;
			hasScannedForEncodings = 0;
			knownRegions = (
				en,
				Base,
			);
			mainGroup = 18335ED01CACE60600B465A7;
			productRefGroup = 18335EDA1CACE60600B465A7 /* Products */;
			projectDirPath = "";
			projectRoot = "";
			targets = (
				18335ED81CACE60600B465A7 /* Framework */,
			);
		};
/* End PBXProject section */

/* Begin PBXResourcesBuildPhase section */
		18335ED71CACE60600B465A7 /* Resources */ = {
			isa = PBXResourcesBuildPhase;
			buildActionMask = 2147483647;
			files = (
				18BC68A31CB75DBD0043E352 /* 300-4.jpeg in Resources */,
				18335EEC1CACE60600B465A7 /* LaunchScreen.storyboard in Resources */,
				18335F291CACE70300B465A7 /* UINavigationBar.bundle in Resources */,
				18335EE91CACE60600B465A7 /* Assets.xcassets in Resources */,
				184FEA711CB336210053F2AF /* navigationButtonReturn@3x.png in Resources */,
				184FEA731CB336210053F2AF /* navigationButtonReturnClick@2x.png in Resources */,
				184FEA721CB336210053F2AF /* navigationButtonReturnClick.png in Resources */,
				18335EE71CACE60600B465A7 /* Main.storyboard in Resources */,
				184FEA701CB336210053F2AF /* navigationButtonReturn@2x.png in Resources */,
				184FEA741CB336210053F2AF /* navigationButtonReturnClick@3x.png in Resources */,
				184FEA6F1CB336210053F2AF /* navigationButtonReturn.png in Resources */,
			);
			runOnlyForDeploymentPostprocessing = 0;
		};
/* End PBXResourcesBuildPhase section */

/* Begin PBXShellScriptBuildPhase section */
		235BF00146EAAF89C16EC287 /* Check Pods Manifest.lock */ = {
			isa = PBXShellScriptBuildPhase;
			buildActionMask = 2147483647;
			files = (
			);
			inputPaths = (
			);
			name = "Check Pods Manifest.lock";
			outputPaths = (
			);
			runOnlyForDeploymentPostprocessing = 0;
			shellPath = /bin/sh;
			shellScript = "diff \"${PODS_ROOT}/../Podfile.lock\" \"${PODS_ROOT}/Manifest.lock\" > /dev/null\nif [[ $? != 0 ]] ; then\n    cat << EOM\nerror: The sandbox is not in sync with the Podfile.lock. Run 'pod install' or update your CocoaPods installation.\nEOM\n    exit 1\nfi\n";
			showEnvVarsInLog = 0;
		};
		C99B79E113E5F3D687589B3D /* Embed Pods Frameworks */ = {
			isa = PBXShellScriptBuildPhase;
			buildActionMask = 2147483647;
			files = (
			);
			inputPaths = (
			);
			name = "Embed Pods Frameworks";
			outputPaths = (
			);
			runOnlyForDeploymentPostprocessing = 0;
			shellPath = /bin/sh;
			shellScript = "\"${SRCROOT}/Pods/Target Support Files/Pods/Pods-frameworks.sh\"\n";
			showEnvVarsInLog = 0;
		};
		CF2C2A3150C07A6E9A749832 /* Copy Pods Resources */ = {
			isa = PBXShellScriptBuildPhase;
			buildActionMask = 2147483647;
			files = (
			);
			inputPaths = (
			);
			name = "Copy Pods Resources";
			outputPaths = (
			);
			runOnlyForDeploymentPostprocessing = 0;
			shellPath = /bin/sh;
			shellScript = "\"${SRCROOT}/Pods/Target Support Files/Pods/Pods-resources.sh\"\n";
			showEnvVarsInLog = 0;
		};
/* End PBXShellScriptBuildPhase section */

/* Begin PBXSourcesBuildPhase section */
		18335ED51CACE60600B465A7 /* Sources */ = {
			isa = PBXSourcesBuildPhase;
			buildActionMask = 2147483647;
			files = (
				18335F271CACE70300B465A7 /* UILabel+SizeToFit.m in Sources */,
				18335F231CACE70300B465A7 /* UIButton+Extension.m in Sources */,
				18335F2B1CACE70300B465A7 /* UIView+KBView.m in Sources */,
				1856626C1CC3F25F001E3069 /* Person.m in Sources */,
				18335F2E1CACE70300B465A7 /* UIViewController+Alert.m in Sources */,
				180C76341CD6FBAE009A91CD /* PlaceholderTextView.m in Sources */,
				18335F2A1CACE70300B465A7 /* UIView+Extension.m in Sources */,
				18335F341CACE77900B465A7 /* UIColor+Hex.m in Sources */,
				18BC68B01CB795020043E352 /* TableViewController.m in Sources */,
				18335F541CAD1AE100B465A7 /* NSString+Size.m in Sources */,
				1899A04B1CB6677600636DAD /* YYHttpTool.m in Sources */,
				1899A0481CB6624B00636DAD /* UITextField+Placeholder.m in Sources */,
				18335F241CACE70300B465A7 /* UIColor+Extension.m in Sources */,
				188491541CC286E100EB8FA0 /* UIImageView+Download.m in Sources */,
				18335F221CACE70300B465A7 /* UIBarButtonItem+Extension.m in Sources */,
				18335F381CACE8CB00B465A7 /* NSDictionary+Extension.m in Sources */,
				18BC68A11CB753B60043E352 /* UIImageView+Gesture.m in Sources */,
				1841ADFE1CD3BD940010A1BB /* UIView+Animation.m in Sources */,
				18335EFB1CACE65E00B465A7 /* ViewController.m in Sources */,
				18BC68961CB737360043E352 /* UITextField+PlaceholderColorByRuntime.m in Sources */,
				1803BF7D1CC5A98200EEF0F0 /* GlobalConst.m in Sources */,
				18BC68AD1CB791570043E352 /* UITableView+Section.m in Sources */,
				18BC689D1CB750F20043E352 /* UIApplication+Function.m in Sources */,
				1803BF7F1CC5A98200EEF0F0 /* GlobalSlidingNavigationController.m in Sources */,
				18335F2D1CACE70300B465A7 /* UIView+Snapshot.m in Sources */,
				1803BF7E1CC5A98200EEF0F0 /* FastLoginButton.m in Sources */,
				18335EDE1CACE60600B465A7 /* main.m in Sources */,
				18335F2C1CACE70300B465A7 /* UIView+Scale.m in Sources */,
				1803BF851CC5AA8C00EEF0F0 /* FPSLabel.m in Sources */,
				18BC68A61CB761610043E352 /* UIImageView+SDWebImage.m in Sources */,
				18335EFC1CACE65E00B465A7 /* AppDelegate.m in Sources */,
				1803BF801CC5A98200EEF0F0 /* PhoneType.m in Sources */,
				1817128F1CC690BE00DD573B /* PhotoTool.m in Sources */,
				18335F261CACE70300B465A7 /* UIImage+Extension.m in Sources */,
				18335F281CACE70300B465A7 /* UINavigationBar+Extension.m in Sources */,
				1803BF811CC5A98200EEF0F0 /* FileManager.m in Sources */,
				18335F311CACE72C00B465A7 /* UIColor+Extensions.m in Sources */,
				188AB6D11CC084A400CDA050 /* NSArray+BlocksKit.m in Sources */,
			);
			runOnlyForDeploymentPostprocessing = 0;
		};
/* End PBXSourcesBuildPhase section */

/* Begin PBXVariantGroup section */
		18335EE51CACE60600B465A7 /* Main.storyboard */ = {
			isa = PBXVariantGroup;
			children = (
				18335EE61CACE60600B465A7 /* Base */,
			);
			name = Main.storyboard;
			path = ../..;
			sourceTree = "<group>";
		};
		18335EEA1CACE60600B465A7 /* LaunchScreen.storyboard */ = {
			isa = PBXVariantGroup;
			children = (
				18335EEB1CACE60600B465A7 /* Base */,
			);
			name = LaunchScreen.storyboard;
			sourceTree = "<group>";
		};
/* End PBXVariantGroup section */

/* Begin XCBuildConfiguration section */
		18335EEE1CACE60600B465A7 /* Debug */ = {
			isa = XCBuildConfiguration;
			buildSettings = {
				ALWAYS_SEARCH_USER_PATHS = NO;
				CLANG_CXX_LANGUAGE_STANDARD = "gnu++0x";
				CLANG_CXX_LIBRARY = "libc++";
				CLANG_ENABLE_MODULES = YES;
				CLANG_ENABLE_OBJC_ARC = YES;
				CLANG_WARN_BOOL_CONVERSION = YES;
				CLANG_WARN_CONSTANT_CONVERSION = YES;
				CLANG_WARN_DIRECT_OBJC_ISA_USAGE = YES_ERROR;
				CLANG_WARN_EMPTY_BODY = YES;
				CLANG_WARN_ENUM_CONVERSION = YES;
				CLANG_WARN_INT_CONVERSION = YES;
				CLANG_WARN_OBJC_ROOT_CLASS = YES_ERROR;
				CLANG_WARN_UNREACHABLE_CODE = YES;
				CLANG_WARN__DUPLICATE_METHOD_MATCH = YES;
				"CODE_SIGN_IDENTITY[sdk=iphoneos*]" = "iPhone Developer";
				COPY_PHASE_STRIP = NO;
				DEBUG_INFORMATION_FORMAT = dwarf;
				ENABLE_STRICT_OBJC_MSGSEND = YES;
				ENABLE_TESTABILITY = YES;
				GCC_C_LANGUAGE_STANDARD = gnu99;
				GCC_DYNAMIC_NO_PIC = NO;
				GCC_NO_COMMON_BLOCKS = YES;
				GCC_OPTIMIZATION_LEVEL = 0;
				GCC_PREPROCESSOR_DEFINITIONS = (
					"DEBUG=1",
					"$(inherited)",
				);
				GCC_WARN_64_TO_32_BIT_CONVERSION = YES;
				GCC_WARN_ABOUT_RETURN_TYPE = YES_ERROR;
				GCC_WARN_UNDECLARED_SELECTOR = YES;
				GCC_WARN_UNINITIALIZED_AUTOS = YES_AGGRESSIVE;
				GCC_WARN_UNUSED_FUNCTION = YES;
				GCC_WARN_UNUSED_VARIABLE = YES;
				IPHONEOS_DEPLOYMENT_TARGET = 9.2;
				MTL_ENABLE_DEBUG_INFO = YES;
				ONLY_ACTIVE_ARCH = YES;
				SDKROOT = iphoneos;
			};
			name = Debug;
		};
		18335EEF1CACE60600B465A7 /* Release */ = {
			isa = XCBuildConfiguration;
			buildSettings = {
				ALWAYS_SEARCH_USER_PATHS = NO;
				CLANG_CXX_LANGUAGE_STANDARD = "gnu++0x";
				CLANG_CXX_LIBRARY = "libc++";
				CLANG_ENABLE_MODULES = YES;
				CLANG_ENABLE_OBJC_ARC = YES;
				CLANG_WARN_BOOL_CONVERSION = YES;
				CLANG_WARN_CONSTANT_CONVERSION = YES;
				CLANG_WARN_DIRECT_OBJC_ISA_USAGE = YES_ERROR;
				CLANG_WARN_EMPTY_BODY = YES;
				CLANG_WARN_ENUM_CONVERSION = YES;
				CLANG_WARN_INT_CONVERSION = YES;
				CLANG_WARN_OBJC_ROOT_CLASS = YES_ERROR;
				CLANG_WARN_UNREACHABLE_CODE = YES;
				CLANG_WARN__DUPLICATE_METHOD_MATCH = YES;
				"CODE_SIGN_IDENTITY[sdk=iphoneos*]" = "iPhone Developer";
				COPY_PHASE_STRIP = NO;
				DEBUG_INFORMATION_FORMAT = "dwarf-with-dsym";
				ENABLE_NS_ASSERTIONS = NO;
				ENABLE_STRICT_OBJC_MSGSEND = YES;
				GCC_C_LANGUAGE_STANDARD = gnu99;
				GCC_NO_COMMON_BLOCKS = YES;
				GCC_WARN_64_TO_32_BIT_CONVERSION = YES;
				GCC_WARN_ABOUT_RETURN_TYPE = YES_ERROR;
				GCC_WARN_UNDECLARED_SELECTOR = YES;
				GCC_WARN_UNINITIALIZED_AUTOS = YES_AGGRESSIVE;
				GCC_WARN_UNUSED_FUNCTION = YES;
				GCC_WARN_UNUSED_VARIABLE = YES;
				IPHONEOS_DEPLOYMENT_TARGET = 9.2;
				MTL_ENABLE_DEBUG_INFO = NO;
				SDKROOT = iphoneos;
				VALIDATE_PRODUCT = YES;
			};
			name = Release;
		};
		18335EF11CACE60600B465A7 /* Debug */ = {
			isa = XCBuildConfiguration;
			baseConfigurationReference = A0B140EBEB9DA863994C6DFD /* Pods.debug.xcconfig */;
			buildSettings = {
				ASSETCATALOG_COMPILER_APPICON_NAME = AppIcon;
				INFOPLIST_FILE = Framework/Info.plist;
				LD_RUNPATH_SEARCH_PATHS = "$(inherited) @executable_path/Frameworks";
				PRODUCT_BUNDLE_IDENTIFIER = com.keenleung.Framework;
				PRODUCT_NAME = "$(TARGET_NAME)";
			};
			name = Debug;
		};
		18335EF21CACE60600B465A7 /* Release */ = {
			isa = XCBuildConfiguration;
			baseConfigurationReference = A24D5380DF2C6EFA635FD2D5 /* Pods.release.xcconfig */;
			buildSettings = {
				ASSETCATALOG_COMPILER_APPICON_NAME = AppIcon;
				INFOPLIST_FILE = Framework/Info.plist;
				LD_RUNPATH_SEARCH_PATHS = "$(inherited) @executable_path/Frameworks";
				PRODUCT_BUNDLE_IDENTIFIER = com.keenleung.Framework;
				PRODUCT_NAME = "$(TARGET_NAME)";
			};
			name = Release;
		};
/* End XCBuildConfiguration section */

/* Begin XCConfigurationList section */
		18335ED41CACE60600B465A7 /* Build configuration list for PBXProject "Framework" */ = {
			isa = XCConfigurationList;
			buildConfigurations = (
				18335EEE1CACE60600B465A7 /* Debug */,
				18335EEF1CACE60600B465A7 /* Release */,
			);
			defaultConfigurationIsVisible = 0;
			defaultConfigurationName = Release;
		};
		18335EF01CACE60600B465A7 /* Build configuration list for PBXNativeTarget "Framework" */ = {
			isa = XCConfigurationList;
			buildConfigurations = (
				18335EF11CACE60600B465A7 /* Debug */,
				18335EF21CACE60600B465A7 /* Release */,
			);
			defaultConfigurationIsVisible = 0;
			defaultConfigurationName = Release;
		};
/* End XCConfigurationList section */
	};
	rootObject = 18335ED11CACE60600B465A7 /* Project object */;
}
